
Microsoft Visual Studio Solution File, Format Version 12.00
# Visual Studio Version 16
VisualStudioVersion = 16.0.30204.135
MinimumVisualStudioVersion = 10.0.40219.1
Project("{FAE04EC0-301F-11D3-BF4B-00C04F79EFBC}") = "2Homework11", "2Homework11\2Homework11.csproj", "{EB322677-FB64-4F1B-9785-E33E1BED8F44}"
EndProject
Project("{FAE04EC0-301F-11D3-BF4B-00C04F79EFBC}") = "ConsoleMenu", "ConsoleMenu\ConsoleMenu.csproj", "{775F7B9F-7151-434B-A3A7-B89D9A1E2AF3}"
EndProject
Global
	GlobalSection(SolutionConfigurationPlatforms) = preSolution
		Debug|Any CPU = Debug|Any CPU
		Release|Any CPU = Release|Any CPU
	EndGlobalSection
	GlobalSection(ProjectConfigurationPlatforms) = postSolution
		{EB322677-FB64-4F1B-9785-E33E1BED8F44}.Debug|Any CPU.ActiveCfg = Debug|Any CPU
		{EB322677-FB64-4F1B-9785-E33E1BED8F44}.Debug|Any CPU.Build.0 = Debug|Any CPU
		{EB322677-FB64-4F1B-9785-E33E1BED8F44}.Release|Any CPU.ActiveCfg = Release|Any CPU
		{EB322677-FB64-4F1B-9785-E33E1BED8F44}.Release|Any CPU.Build.0 = Release|Any CPU
		{775F7B9F-7151-434B-A3A7-B89D9A1E2AF3}.Debug|Any CPU.ActiveCfg = Debug|Any CPU
		{775F7B9F-7151-434B-A3A7-B89D9A1E2AF3}.Debug|Any CPU.Build.0 = Debug|Any CPU
		{775F7B9F-7151-434B-A3A7-B89D9A1E2AF3}.Release|Any CPU.ActiveCfg = Release|Any CPU
		{775F7B9F-7151-434B-A3A7-B89D9A1E2AF3}.Release|Any CPU.Build.0 = Release|Any CPU
	EndGlobalSection
	GlobalSection(SolutionProperties) = preSolution
		HideSolutionNode = FALSE
	EndGlobalSection
	GlobalSection(ExtensibilityGlobals) = postSolution
		SolutionGuid = {A2B03C85-B590-4D20-98DD-893C2ABBDDA3}
	EndGlobalSection
EndGlobal
